
Microsoft Visual Studio Solution File, Format Version 12.00
# Visual Studio Version 17
VisualStudioVersion = 17.2.32505.173
MinimumVisualStudioVersion = 10.0.40219.1
Project("{FAE04EC0-301F-11D3-BF4B-00C04F79EFBC}") = "Sample.Protobuf.WebAPI", "Sample.Protobuf.API\Sample.Protobuf.WebAPI.csproj", "{31780497-9D81-4214-8E2C-48EA23B6BB6C}"
EndProject
Project("{FAE04EC0-301F-11D3-BF4B-00C04F79EFBC}") = "Sample.Protobuf.WebApi.Core", "Sample.Protobuf.WebApi.Core\Sample.Protobuf.WebApi.Core.csproj", "{93657422-DA39-4F0B-A3C5-8776F34FD99C}"
EndProject
Global
	GlobalSection(SolutionConfigurationPlatforms) = preSolution
		Debug|Any CPU = Debug|Any CPU
		Release|Any CPU = Release|Any CPU
	EndGlobalSection
	GlobalSection(ProjectConfigurationPlatforms) = postSolution
		{31780497-9D81-4214-8E2C-48EA23B6BB6C}.Debug|Any CPU.ActiveCfg = Debug|Any CPU
		{31780497-9D81-4214-8E2C-48EA23B6BB6C}.Debug|Any CPU.Build.0 = Debug|Any CPU
		{31780497-9D81-4214-8E2C-48EA23B6BB6C}.Release|Any CPU.ActiveCfg = Release|Any CPU
		{31780497-9D81-4214-8E2C-48EA23B6BB6C}.Release|Any CPU.Build.0 = Release|Any CPU
		{93657422-DA39-4F0B-A3C5-8776F34FD99C}.Debug|Any CPU.ActiveCfg = Debug|Any CPU
		{93657422-DA39-4F0B-A3C5-8776F34FD99C}.Debug|Any CPU.Build.0 = Debug|Any CPU
		{93657422-DA39-4F0B-A3C5-8776F34FD99C}.Release|Any CPU.ActiveCfg = Release|Any CPU
		{93657422-DA39-4F0B-A3C5-8776F34FD99C}.Release|Any CPU.Build.0 = Release|Any CPU
	EndGlobalSection
	GlobalSection(SolutionProperties) = preSolution
		HideSolutionNode = FALSE
	EndGlobalSection
	GlobalSection(ExtensibilityGlobals) = postSolution
		SolutionGuid = {78733AE4-FB60-4E61-965A-DC4B47CC6E41}
	EndGlobalSection
EndGlobal
